<?xml version="1.0" encoding="utf-8"?>
<Project ToolsVersion="4.0" xmlns="http://schemas.microsoft.com/developer/msbuild/2003">
  <ItemGroup>
    <Filter Include="源文件">
      <UniqueIdentifier>{4FC737F1-C7A5-4376-A066-2A32D752A2FF}</UniqueIdentifier>
      <Extensions>cpp;c;cc;cxx;def;odl;idl;hpj;bat;asm;asmx</Extensions>
    </Filter>
    <Filter Include="头文件">
      <UniqueIdentifier>{93995380-89BD-4b04-88EB-625FBE52EBFB}</UniqueIdentifier>
      <Extensions>h;hpp;hxx;hm;inl;inc;xsd</Extensions>
    </Filter>
    <Filter Include="资源文件">
      <UniqueIdentifier>{67DA6AB6-F800-4c08-8B7A-83BB121AAD01}</UniqueIdentifier>
      <Extensions>rc;ico;cur;bmp;dlg;rc2;rct;bin;rgs;gif;jpg;jpeg;jpe;resx;tiff;tif;png;wav;mfcribbon-ms</Extensions>
    </Filter>
    <Filter Include="ShellFileOp">
      <UniqueIdentifier>{ea3beb84-f53a-49f7-98c7-d402e8ff2bac}</UniqueIdentifier>
    </Filter>
    <Filter Include="List">
      <UniqueIdentifier>{cecbe470-f72e-47d0-a120-4b3930d23e42}</UniqueIdentifier>
    </Filter>
    <Filter Include="util">
      <UniqueIdentifier>{a8260c0e-a8f0-4537-b076-f37797fa4bdd}</UniqueIdentifier>
    </Filter>
  </ItemGroup>
  <ItemGroup>
    <None Include="ReadMe.txt" />
    <None Include="res\wyytTools.rc2">
      <Filter>资源文件</Filter>
    </None>
    <None Include="res\wyytTools.ico">
      <Filter>资源文件</Filter>
    </None>
  </ItemGroup>
  <ItemGroup>
    <ClInclude Include="wyytTools.h">
      <Filter>头文件</Filter>
    </ClInclude>
    <ClInclude Include="wyytToolsDlg.h">
      <Filter>头文件</Filter>
    </ClInclude>
    <ClInclude Include="stdafx.h">
      <Filter>头文件</Filter>
    </ClInclude>
    <ClInclude Include="targetver.h">
      <Filter>头文件</Filter>
    </ClInclude>
    <ClInclude Include="Resource.h">
      <Filter>头文件</Filter>
    </ClInclude>
    <ClInclude Include="SAPrefsDialog.h">
      <Filter>头文件</Filter>
    </ClInclude>
    <ClInclude Include="SAPrefsStatic.h">
      <Filter>头文件</Filter>
    </ClInclude>
    <ClInclude Include="SAPrefsSubDlg.h">
      <Filter>头文件</Filter>
    </ClInclude>
    <ClInclude Include="BackDlg.h">
      <Filter>头文件</Filter>
    </ClInclude>
    <ClInclude Include="WelcomeDlg.h">
      <Filter>头文件</Filter>
    </ClInclude>
    <ClInclude Include="Inc.h">
      <Filter>头文件</Filter>
    </ClInclude>
    <ClInclude Include="ShellFileOp\ShellFileOp.h">
      <Filter>ShellFileOp</Filter>
    </ClInclude>
    <ClInclude Include="MyListCtrl.h">
      <Filter>List</Filter>
    </ClInclude>
    <ClInclude Include="Util.h">
      <Filter>util</Filter>
    </ClInclude>
    <ClInclude Include="BackInOrValidSetDlg.h">
      <Filter>头文件</Filter>
    </ClInclude>
    <ClInclude Include="ini2.h">
      <Filter>util</Filter>
    </ClInclude>
    <ClInclude Include="StringConversion.h">
      <Filter>util</Filter>
    </ClInclude>
    <ClInclude Include="types.h">
      <Filter>util</Filter>
    </ClInclude>
    <ClInclude Include="Preferences.h">
      <Filter>util</Filter>
    </ClInclude>
  </ItemGroup>
  <ItemGroup>
    <ClCompile Include="wyytTools.cpp">
      <Filter>源文件</Filter>
    </ClCompile>
    <ClCompile Include="wyytToolsDlg.cpp">
      <Filter>源文件</Filter>
    </ClCompile>
    <ClCompile Include="stdafx.cpp">
      <Filter>源文件</Filter>
    </ClCompile>
    <ClCompile Include="SAPrefsDialog.cpp">
      <Filter>源文件</Filter>
    </ClCompile>
    <ClCompile Include="SAPrefsStatic.cpp">
      <Filter>源文件</Filter>
    </ClCompile>
    <ClCompile Include="SAPrefsSubDlg.cpp">
      <Filter>源文件</Filter>
    </ClCompile>
    <ClCompile Include="BackDlg.cpp">
      <Filter>源文件</Filter>
    </ClCompile>
    <ClCompile Include="WelcomeDlg.cpp">
      <Filter>源文件</Filter>
    </ClCompile>
    <ClCompile Include="Fun.cpp">
      <Filter>源文件</Filter>
    </ClCompile>
    <ClCompile Include="ShellFileOp\ShellFileOp.cpp">
      <Filter>ShellFileOp</Filter>
    </ClCompile>
    <ClCompile Include="MyListCtrl.cpp">
      <Filter>List</Filter>
    </ClCompile>
    <ClCompile Include="Util.cpp">
      <Filter>util</Filter>
    </ClCompile>
    <ClCompile Include="BackInOrValidSetDlg.cpp">
      <Filter>源文件</Filter>
    </ClCompile>
    <ClCompile Include="Ini2.cpp">
      <Filter>util</Filter>
    </ClCompile>
    <ClCompile Include="StringConversion.cpp">
      <Filter>util</Filter>
    </ClCompile>
    <ClCompile Include="Preferences.cpp">
      <Filter>util</Filter>
    </ClCompile>
  </ItemGroup>
  <ItemGroup>
    <ResourceCompile Include="wyytTools.rc">
      <Filter>资源文件</Filter>
    </ResourceCompile>
  </ItemGroup>
</Project>