
Microsoft Visual Studio Solution File, Format Version 11.00
# Visual Studio 2010
Project("{911E67C6-3D85-4FCE-B560-20A9C3E3FF48}") = "Firemail", "..\..\obj_Firemail\mozilla\dist\bin\Firemail.exe", "{73FA672B-2DC6-452D-B81C-EE294257D88B}"
	ProjectSection(DebuggerProjectSystem) = preProject
		PortSupplier = 00000000-0000-0000-0000-000000000000
		Executable = E:\github\Firemail\ExMail\obj_Firemail\mozilla\dist\bin\Firemail.exe
		RemoteMachine = RICHINFO-4A7225
		StartingDirectory = E:\github\Firemail\ExMail\obj_Firemail\mozilla\dist\bin
		Environment = 默认值
		LaunchingEngine = 00000000-0000-0000-0000-000000000000
		LaunchSQLEngine = No
		AttachLaunchAction = No
	EndProjectSection
EndProject
Project("{2150E333-8FDC-42A3-9474-1A3956D46DE8}") = "mozilla", "mozilla", "{DBD076CC-D9CA-4B3B-8CDD-CD1ABCFCA118}"
EndProject
Project("{2150E333-8FDC-42A3-9474-1A3956D46DE8}") = "uriloader", "uriloader", "{2A7BE594-F591-4672-B664-E97DF3D64F05}"
EndProject
Project("{2150E333-8FDC-42A3-9474-1A3956D46DE8}") = "exthandler", "exthandler", "{A926617E-762A-4B8D-94B2-7382DF5CE25B}"
	ProjectSection(SolutionItems) = preProject
		..\..\mozilla\uriloader\exthandler\ExternalHelperAppChild.cpp = ..\..\mozilla\uriloader\exthandler\ExternalHelperAppChild.cpp
		..\..\mozilla\uriloader\exthandler\ExternalHelperAppChild.h = ..\..\mozilla\uriloader\exthandler\ExternalHelperAppChild.h
		..\..\mozilla\uriloader\exthandler\ExternalHelperAppParent.cpp = ..\..\mozilla\uriloader\exthandler\ExternalHelperAppParent.cpp
		..\..\mozilla\uriloader\exthandler\ExternalHelperAppParent.h = ..\..\mozilla\uriloader\exthandler\ExternalHelperAppParent.h
		..\..\mozilla\uriloader\exthandler\nsContentHandlerApp.cpp = ..\..\mozilla\uriloader\exthandler\nsContentHandlerApp.cpp
		..\..\mozilla\uriloader\exthandler\nsContentHandlerApp.h = ..\..\mozilla\uriloader\exthandler\nsContentHandlerApp.h
		..\..\mozilla\uriloader\exthandler\nsDBusHandlerApp.cpp = ..\..\mozilla\uriloader\exthandler\nsDBusHandlerApp.cpp
		..\..\mozilla\uriloader\exthandler\nsDBusHandlerApp.h = ..\..\mozilla\uriloader\exthandler\nsDBusHandlerApp.h
		..\..\mozilla\uriloader\exthandler\nsExternalHelperAppService.cpp = ..\..\mozilla\uriloader\exthandler\nsExternalHelperAppService.cpp
		..\..\mozilla\uriloader\exthandler\nsExternalHelperAppService.h = ..\..\mozilla\uriloader\exthandler\nsExternalHelperAppService.h
		..\..\mozilla\uriloader\exthandler\nsExternalProtocolHandler.cpp = ..\..\mozilla\uriloader\exthandler\nsExternalProtocolHandler.cpp
		..\..\mozilla\uriloader\exthandler\nsExternalProtocolHandler.h = ..\..\mozilla\uriloader\exthandler\nsExternalProtocolHandler.h
		..\..\mozilla\uriloader\exthandler\nsLocalHandlerApp.cpp = ..\..\mozilla\uriloader\exthandler\nsLocalHandlerApp.cpp
		..\..\mozilla\uriloader\exthandler\nsLocalHandlerApp.h = ..\..\mozilla\uriloader\exthandler\nsLocalHandlerApp.h
		..\..\mozilla\uriloader\exthandler\nsMIMEInfoImpl.cpp = ..\..\mozilla\uriloader\exthandler\nsMIMEInfoImpl.cpp
		..\..\mozilla\uriloader\exthandler\nsMIMEInfoImpl.h = ..\..\mozilla\uriloader\exthandler\nsMIMEInfoImpl.h
	EndProjectSection
EndProject
Project("{2150E333-8FDC-42A3-9474-1A3956D46DE8}") = "rdf", "rdf", "{B3AB45C6-898C-4DBB-97A6-B12C042DC08D}"
EndProject
Project("{2150E333-8FDC-42A3-9474-1A3956D46DE8}") = "base", "base", "{2A587BC8-1843-471E-B03B-2D193CC2A47E}"
EndProject
Project("{2150E333-8FDC-42A3-9474-1A3956D46DE8}") = "src", "src", "{689CD3A9-8157-4D0F-A3FA-A66282853601}"
	ProjectSection(SolutionItems) = preProject
		..\..\mozilla\rdf\base\src\nsRDFService.cpp = ..\..\mozilla\rdf\base\src\nsRDFService.cpp
	EndProjectSection
EndProject
Project("{2150E333-8FDC-42A3-9474-1A3956D46DE8}") = "editor", "editor", "{A5BCF6F6-323E-4DAD-9D68-938BC7D44DF9}"
EndProject
Project("{2150E333-8FDC-42A3-9474-1A3956D46DE8}") = "libeditor", "libeditor", "{E48CFA03-047A-4124-877C-C15F29AD9880}"
EndProject
Project("{2150E333-8FDC-42A3-9474-1A3956D46DE8}") = "html", "html", "{E9FED215-5A02-40C2-94A0-E8729613F1B0}"
	ProjectSection(SolutionItems) = preProject
		..\..\mozilla\editor\libeditor\html\nsHTMLDataTransfer.cpp = ..\..\mozilla\editor\libeditor\html\nsHTMLDataTransfer.cpp
		..\..\mozilla\editor\libeditor\html\nsHTMLEditor.cpp = ..\..\mozilla\editor\libeditor\html\nsHTMLEditor.cpp
	EndProjectSection
EndProject
Project("{2150E333-8FDC-42A3-9474-1A3956D46DE8}") = "mailnews", "mailnews", "{9C57B2F7-CD0F-4F0D-B419-CDEC93C39144}"
EndProject
Project("{2150E333-8FDC-42A3-9474-1A3956D46DE8}") = "imap", "imap", "{50EFCC3B-AD28-45DF-8E02-4B629E28A923}"
EndProject
Project("{2150E333-8FDC-42A3-9474-1A3956D46DE8}") = "src", "src", "{168082D2-357A-401F-9A93-2D0E88119F05}"
	ProjectSection(SolutionItems) = preProject
		..\..\mailnews\imap\src\nsAutoSyncManager.cpp = ..\..\mailnews\imap\src\nsAutoSyncManager.cpp
		..\..\mailnews\imap\src\nsAutoSyncManager.h = ..\..\mailnews\imap\src\nsAutoSyncManager.h
		..\..\mailnews\imap\src\nsAutoSyncState.cpp = ..\..\mailnews\imap\src\nsAutoSyncState.cpp
		..\..\mailnews\imap\src\nsAutoSyncState.h = ..\..\mailnews\imap\src\nsAutoSyncState.h
		..\..\mailnews\imap\src\nsIMAPBodyShell.cpp = ..\..\mailnews\imap\src\nsIMAPBodyShell.cpp
		..\..\mailnews\imap\src\nsIMAPBodyShell.h = ..\..\mailnews\imap\src\nsIMAPBodyShell.h
		..\..\mailnews\imap\src\nsImapCore.h = ..\..\mailnews\imap\src\nsImapCore.h
		..\..\mailnews\imap\src\nsImapFlagAndUidState.cpp = ..\..\mailnews\imap\src\nsImapFlagAndUidState.cpp
		..\..\mailnews\imap\src\nsImapFlagAndUidState.h = ..\..\mailnews\imap\src\nsImapFlagAndUidState.h
		..\..\mailnews\imap\src\nsIMAPGenericParser.cpp = ..\..\mailnews\imap\src\nsIMAPGenericParser.cpp
		..\..\mailnews\imap\src\nsIMAPGenericParser.h = ..\..\mailnews\imap\src\nsIMAPGenericParser.h
		..\..\mailnews\imap\src\nsIMAPHostSessionList.cpp = ..\..\mailnews\imap\src\nsIMAPHostSessionList.cpp
		..\..\mailnews\imap\src\nsIMAPHostSessionList.h = ..\..\mailnews\imap\src\nsIMAPHostSessionList.h
		..\..\mailnews\imap\src\nsImapIncomingServer.cpp = ..\..\mailnews\imap\src\nsImapIncomingServer.cpp
		..\..\mailnews\imap\src\nsImapIncomingServer.h = ..\..\mailnews\imap\src\nsImapIncomingServer.h
		..\..\mailnews\imap\src\nsImapMailFolder.cpp = ..\..\mailnews\imap\src\nsImapMailFolder.cpp
		..\..\mailnews\imap\src\nsImapMailFolder.h = ..\..\mailnews\imap\src\nsImapMailFolder.h
		..\..\mailnews\imap\src\nsIMAPNamespace.cpp = ..\..\mailnews\imap\src\nsIMAPNamespace.cpp
		..\..\mailnews\imap\src\nsIMAPNamespace.h = ..\..\mailnews\imap\src\nsIMAPNamespace.h
		..\..\mailnews\imap\src\nsImapOfflineSync.cpp = ..\..\mailnews\imap\src\nsImapOfflineSync.cpp
		..\..\mailnews\imap\src\nsImapOfflineSync.h = ..\..\mailnews\imap\src\nsImapOfflineSync.h
		..\..\mailnews\imap\src\nsImapProtocol.h = ..\..\mailnews\imap\src\nsImapProtocol.h
		..\..\mailnews\imap\src\nsImapSearchResults.cpp = ..\..\mailnews\imap\src\nsImapSearchResults.cpp
		..\..\mailnews\imap\src\nsImapSearchResults.h = ..\..\mailnews\imap\src\nsImapSearchResults.h
		..\..\mailnews\imap\src\nsImapServerResponseParser.cpp = ..\..\mailnews\imap\src\nsImapServerResponseParser.cpp
		..\..\mailnews\imap\src\nsImapServerResponseParser.h = ..\..\mailnews\imap\src\nsImapServerResponseParser.h
		..\..\mailnews\imap\src\nsImapService.cpp = ..\..\mailnews\imap\src\nsImapService.cpp
		..\..\mailnews\imap\src\nsImapService.h = ..\..\mailnews\imap\src\nsImapService.h
		..\..\mailnews\imap\src\nsImapStringBundle.cpp = ..\..\mailnews\imap\src\nsImapStringBundle.cpp
		..\..\mailnews\imap\src\nsImapStringBundle.h = ..\..\mailnews\imap\src\nsImapStringBundle.h
		..\..\mailnews\imap\src\nsImapUndoTxn.cpp = ..\..\mailnews\imap\src\nsImapUndoTxn.cpp
		..\..\mailnews\imap\src\nsImapUndoTxn.h = ..\..\mailnews\imap\src\nsImapUndoTxn.h
		..\..\mailnews\imap\src\nsImapUrl.cpp = ..\..\mailnews\imap\src\nsImapUrl.cpp
		..\..\mailnews\imap\src\nsImapUrl.h = ..\..\mailnews\imap\src\nsImapUrl.h
		..\..\mailnews\imap\src\nsImapUtils.cpp = ..\..\mailnews\imap\src\nsImapUtils.cpp
		..\..\mailnews\imap\src\nsImapUtils.h = ..\..\mailnews\imap\src\nsImapUtils.h
		..\..\mailnews\imap\src\nsSyncRunnableHelpers.cpp = ..\..\mailnews\imap\src\nsSyncRunnableHelpers.cpp
		..\..\mailnews\imap\src\nsSyncRunnableHelpers.h = ..\..\mailnews\imap\src\nsSyncRunnableHelpers.h
	EndProjectSection
EndProject
Project("{2150E333-8FDC-42A3-9474-1A3956D46DE8}") = "win", "win", "{7B04FECD-F1A2-4009-AC20-1F05863B4A3F}"
	ProjectSection(SolutionItems) = preProject
		..\..\mozilla\uriloader\exthandler\win\nsMIMEInfoWin.cpp = ..\..\mozilla\uriloader\exthandler\win\nsMIMEInfoWin.cpp
		..\..\mozilla\uriloader\exthandler\win\nsMIMEInfoWin.h = ..\..\mozilla\uriloader\exthandler\win\nsMIMEInfoWin.h
		..\..\mozilla\uriloader\exthandler\win\nsOSHelperAppService.cpp = ..\..\mozilla\uriloader\exthandler\win\nsOSHelperAppService.cpp
		..\..\mozilla\uriloader\exthandler\win\nsOSHelperAppService.h = ..\..\mozilla\uriloader\exthandler\win\nsOSHelperAppService.h
	EndProjectSection
EndProject
Project("{2150E333-8FDC-42A3-9474-1A3956D46DE8}") = "base", "base", "{607D94C2-C32C-445A-BE67-E549E774D837}"
EndProject
Project("{2150E333-8FDC-42A3-9474-1A3956D46DE8}") = "src", "src", "{1DBD8E0D-3471-4B4E-97EF-0E1F06CC025F}"
	ProjectSection(SolutionItems) = preProject
		..\..\mailnews\base\src\MailNewsDLF.cpp = ..\..\mailnews\base\src\MailNewsDLF.cpp
		..\..\mailnews\base\src\MailNewsDLF.h = ..\..\mailnews\base\src\MailNewsDLF.h
		..\..\mailnews\base\src\nsCidProtocolHandler.cpp = ..\..\mailnews\base\src\nsCidProtocolHandler.cpp
		..\..\mailnews\base\src\nsCidProtocolHandler.h = ..\..\mailnews\base\src\nsCidProtocolHandler.h
		..\..\mailnews\base\src\nsCopyMessageStreamListener.cpp = ..\..\mailnews\base\src\nsCopyMessageStreamListener.cpp
		..\..\mailnews\base\src\nsCopyMessageStreamListener.h = ..\..\mailnews\base\src\nsCopyMessageStreamListener.h
		..\..\mailnews\base\src\nsMailDirProvider.cpp = ..\..\mailnews\base\src\nsMailDirProvider.cpp
		..\..\mailnews\base\src\nsMailDirProvider.h = ..\..\mailnews\base\src\nsMailDirProvider.h
		..\..\mailnews\base\src\nsMailDirServiceDefs.h = ..\..\mailnews\base\src\nsMailDirServiceDefs.h
		..\..\mailnews\base\src\nsMessenger.cpp = ..\..\mailnews\base\src\nsMessenger.cpp
		..\..\mailnews\base\src\nsMessenger.h = ..\..\mailnews\base\src\nsMessenger.h
		..\..\mailnews\base\src\nsMessengerBootstrap.cpp = ..\..\mailnews\base\src\nsMessengerBootstrap.cpp
		..\..\mailnews\base\src\nsMessengerBootstrap.h = ..\..\mailnews\base\src\nsMessengerBootstrap.h
		..\..\mailnews\base\src\nsMessengerContentHandler.cpp = ..\..\mailnews\base\src\nsMessengerContentHandler.cpp
		..\..\mailnews\base\src\nsMessengerContentHandler.h = ..\..\mailnews\base\src\nsMessengerContentHandler.h
		..\..\mailnews\base\src\nsMessengerOS2Integration.cpp = ..\..\mailnews\base\src\nsMessengerOS2Integration.cpp
		..\..\mailnews\base\src\nsMessengerOS2Integration.h = ..\..\mailnews\base\src\nsMessengerOS2Integration.h
		..\..\mailnews\base\src\nsMessengerOSXIntegration.h = ..\..\mailnews\base\src\nsMessengerOSXIntegration.h
		..\..\mailnews\base\src\nsMessengerUnixIntegration.cpp = ..\..\mailnews\base\src\nsMessengerUnixIntegration.cpp
		..\..\mailnews\base\src\nsMessengerUnixIntegration.h = ..\..\mailnews\base\src\nsMessengerUnixIntegration.h
		..\..\mailnews\base\src\nsMessengerWinIntegration.cpp = ..\..\mailnews\base\src\nsMessengerWinIntegration.cpp
		..\..\mailnews\base\src\nsMessengerWinIntegration.h = ..\..\mailnews\base\src\nsMessengerWinIntegration.h
		..\..\mailnews\base\src\nsMsgAccount.cpp = ..\..\mailnews\base\src\nsMsgAccount.cpp
		..\..\mailnews\base\src\nsMsgAccountManager.cpp = ..\..\mailnews\base\src\nsMsgAccountManager.cpp
		..\..\mailnews\base\src\nsMsgAccountManager.h = ..\..\mailnews\base\src\nsMsgAccountManager.h
		..\..\mailnews\base\src\nsMsgAccountManagerDS.cpp = ..\..\mailnews\base\src\nsMsgAccountManagerDS.cpp
		..\..\mailnews\base\src\nsMsgAccountManagerDS.h = ..\..\mailnews\base\src\nsMsgAccountManagerDS.h
		..\..\mailnews\base\src\nsMsgBiffManager.cpp = ..\..\mailnews\base\src\nsMsgBiffManager.cpp
		..\..\mailnews\base\src\nsMsgBiffManager.h = ..\..\mailnews\base\src\nsMsgBiffManager.h
		..\..\mailnews\base\src\nsMsgContentPolicy.cpp = ..\..\mailnews\base\src\nsMsgContentPolicy.cpp
		..\..\mailnews\base\src\nsMsgContentPolicy.h = ..\..\mailnews\base\src\nsMsgContentPolicy.h
		..\..\mailnews\base\src\nsMsgCopyService.cpp = ..\..\mailnews\base\src\nsMsgCopyService.cpp
		..\..\mailnews\base\src\nsMsgCopyService.h = ..\..\mailnews\base\src\nsMsgCopyService.h
		..\..\mailnews\base\src\nsMsgDBView.cpp = ..\..\mailnews\base\src\nsMsgDBView.cpp
		..\..\mailnews\base\src\nsMsgDBView.h = ..\..\mailnews\base\src\nsMsgDBView.h
		..\..\mailnews\base\src\nsMsgFolderCache.cpp = ..\..\mailnews\base\src\nsMsgFolderCache.cpp
		..\..\mailnews\base\src\nsMsgFolderCache.h = ..\..\mailnews\base\src\nsMsgFolderCache.h
		..\..\mailnews\base\src\nsMsgFolderCacheElement.cpp = ..\..\mailnews\base\src\nsMsgFolderCacheElement.cpp
		..\..\mailnews\base\src\nsMsgFolderCacheElement.h = ..\..\mailnews\base\src\nsMsgFolderCacheElement.h
		..\..\mailnews\base\src\nsMsgFolderCompactor.cpp = ..\..\mailnews\base\src\nsMsgFolderCompactor.cpp
		..\..\mailnews\base\src\nsMsgFolderCompactor.h = ..\..\mailnews\base\src\nsMsgFolderCompactor.h
		..\..\mailnews\base\src\nsMsgFolderDataSource.cpp = ..\..\mailnews\base\src\nsMsgFolderDataSource.cpp
		..\..\mailnews\base\src\nsMsgFolderDataSource.h = ..\..\mailnews\base\src\nsMsgFolderDataSource.h
		..\..\mailnews\base\src\nsMsgFolderNotificationService.cpp = ..\..\mailnews\base\src\nsMsgFolderNotificationService.cpp
		..\..\mailnews\base\src\nsMsgFolderNotificationService.h = ..\..\mailnews\base\src\nsMsgFolderNotificationService.h
		..\..\mailnews\base\src\nsMsgGroupThread.cpp = ..\..\mailnews\base\src\nsMsgGroupThread.cpp
		..\..\mailnews\base\src\nsMsgGroupThread.h = ..\..\mailnews\base\src\nsMsgGroupThread.h
		..\..\mailnews\base\src\nsMsgGroupView.cpp = ..\..\mailnews\base\src\nsMsgGroupView.cpp
		..\..\mailnews\base\src\nsMsgGroupView.h = ..\..\mailnews\base\src\nsMsgGroupView.h
		..\..\mailnews\base\src\nsMsgMailSession.cpp = ..\..\mailnews\base\src\nsMsgMailSession.cpp
		..\..\mailnews\base\src\nsMsgMailSession.h = ..\..\mailnews\base\src\nsMsgMailSession.h
		..\..\mailnews\base\src\nsMsgOfflineManager.cpp = ..\..\mailnews\base\src\nsMsgOfflineManager.cpp
		..\..\mailnews\base\src\nsMsgOfflineManager.h = ..\..\mailnews\base\src\nsMsgOfflineManager.h
		..\..\mailnews\base\src\nsMsgPrintEngine.cpp = ..\..\mailnews\base\src\nsMsgPrintEngine.cpp
		..\..\mailnews\base\src\nsMsgPrintEngine.h = ..\..\mailnews\base\src\nsMsgPrintEngine.h
		..\..\mailnews\base\src\nsMsgProgress.cpp = ..\..\mailnews\base\src\nsMsgProgress.cpp
		..\..\mailnews\base\src\nsMsgProgress.h = ..\..\mailnews\base\src\nsMsgProgress.h
		..\..\mailnews\base\src\nsMsgPurgeService.cpp = ..\..\mailnews\base\src\nsMsgPurgeService.cpp
		..\..\mailnews\base\src\nsMsgPurgeService.h = ..\..\mailnews\base\src\nsMsgPurgeService.h
		..\..\mailnews\base\src\nsMsgQuickSearchDBView.cpp = ..\..\mailnews\base\src\nsMsgQuickSearchDBView.cpp
		..\..\mailnews\base\src\nsMsgQuickSearchDBView.h = ..\..\mailnews\base\src\nsMsgQuickSearchDBView.h
		..\..\mailnews\base\src\nsMsgRDFDataSource.cpp = ..\..\mailnews\base\src\nsMsgRDFDataSource.cpp
		..\..\mailnews\base\src\nsMsgRDFDataSource.h = ..\..\mailnews\base\src\nsMsgRDFDataSource.h
		..\..\mailnews\base\src\nsMsgRDFUtils.cpp = ..\..\mailnews\base\src\nsMsgRDFUtils.cpp
		..\..\mailnews\base\src\nsMsgRDFUtils.h = ..\..\mailnews\base\src\nsMsgRDFUtils.h
		..\..\mailnews\base\src\nsMsgSearchDBView.cpp = ..\..\mailnews\base\src\nsMsgSearchDBView.cpp
		..\..\mailnews\base\src\nsMsgSearchDBView.h = ..\..\mailnews\base\src\nsMsgSearchDBView.h
		..\..\mailnews\base\src\nsMsgServiceProvider.cpp = ..\..\mailnews\base\src\nsMsgServiceProvider.cpp
		..\..\mailnews\base\src\nsMsgServiceProvider.h = ..\..\mailnews\base\src\nsMsgServiceProvider.h
		..\..\mailnews\base\src\nsMsgSpecialViews.cpp = ..\..\mailnews\base\src\nsMsgSpecialViews.cpp
		..\..\mailnews\base\src\nsMsgSpecialViews.h = ..\..\mailnews\base\src\nsMsgSpecialViews.h
		..\..\mailnews\base\src\nsMsgStatusFeedback.cpp = ..\..\mailnews\base\src\nsMsgStatusFeedback.cpp
		..\..\mailnews\base\src\nsMsgStatusFeedback.h = ..\..\mailnews\base\src\nsMsgStatusFeedback.h
		..\..\mailnews\base\src\nsMsgTagService.cpp = ..\..\mailnews\base\src\nsMsgTagService.cpp
		..\..\mailnews\base\src\nsMsgTagService.h = ..\..\mailnews\base\src\nsMsgTagService.h
		..\..\mailnews\base\src\nsMsgThreadedDBView.cpp = ..\..\mailnews\base\src\nsMsgThreadedDBView.cpp
		..\..\mailnews\base\src\nsMsgThreadedDBView.h = ..\..\mailnews\base\src\nsMsgThreadedDBView.h
		..\..\mailnews\base\src\nsMsgWindow.cpp = ..\..\mailnews\base\src\nsMsgWindow.cpp
		..\..\mailnews\base\src\nsMsgWindow.h = ..\..\mailnews\base\src\nsMsgWindow.h
		..\..\mailnews\base\src\nsMsgXFViewThread.cpp = ..\..\mailnews\base\src\nsMsgXFViewThread.cpp
		..\..\mailnews\base\src\nsMsgXFViewThread.h = ..\..\mailnews\base\src\nsMsgXFViewThread.h
		..\..\mailnews\base\src\nsMsgXFVirtualFolderDBView.cpp = ..\..\mailnews\base\src\nsMsgXFVirtualFolderDBView.cpp
		..\..\mailnews\base\src\nsMsgXFVirtualFolderDBView.h = ..\..\mailnews\base\src\nsMsgXFVirtualFolderDBView.h
		..\..\mailnews\base\src\nsSpamSettings.cpp = ..\..\mailnews\base\src\nsSpamSettings.cpp
		..\..\mailnews\base\src\nsSpamSettings.h = ..\..\mailnews\base\src\nsSpamSettings.h
		..\..\mailnews\base\src\nsStatusBarBiffManager.cpp = ..\..\mailnews\base\src\nsStatusBarBiffManager.cpp
		..\..\mailnews\base\src\nsStatusBarBiffManager.h = ..\..\mailnews\base\src\nsStatusBarBiffManager.h
		..\..\mailnews\base\src\nsSubscribableServer.cpp = ..\..\mailnews\base\src\nsSubscribableServer.cpp
		..\..\mailnews\base\src\nsSubscribableServer.h = ..\..\mailnews\base\src\nsSubscribableServer.h
		..\..\mailnews\base\src\nsSubscribeDataSource.cpp = ..\..\mailnews\base\src\nsSubscribeDataSource.cpp
		..\..\mailnews\base\src\nsSubscribeDataSource.h = ..\..\mailnews\base\src\nsSubscribeDataSource.h
	EndProjectSection
EndProject
Project("{2150E333-8FDC-42A3-9474-1A3956D46DE8}") = "local", "local", "{C225CB09-7583-4633-B9EB-316E3CF9A30B}"
EndProject
Project("{2150E333-8FDC-42A3-9474-1A3956D46DE8}") = "src", "src", "{ACC76543-7265-4C25-976F-A82D0088D8CF}"
	ProjectSection(SolutionItems) = preProject
		..\..\mailnews\local\src\nsLocalMailFolder.cpp = ..\..\mailnews\local\src\nsLocalMailFolder.cpp
		..\..\mailnews\local\src\nsLocalMailFolder.h = ..\..\mailnews\local\src\nsLocalMailFolder.h
		..\..\mailnews\local\src\nsLocalStrings.h = ..\..\mailnews\local\src\nsLocalStrings.h
		..\..\mailnews\local\src\nsLocalUndoTxn.cpp = ..\..\mailnews\local\src\nsLocalUndoTxn.cpp
		..\..\mailnews\local\src\nsLocalUndoTxn.h = ..\..\mailnews\local\src\nsLocalUndoTxn.h
		..\..\mailnews\local\src\nsLocalUtils.cpp = ..\..\mailnews\local\src\nsLocalUtils.cpp
		..\..\mailnews\local\src\nsLocalUtils.h = ..\..\mailnews\local\src\nsLocalUtils.h
		..\..\mailnews\local\src\nsMailboxProtocol.cpp = ..\..\mailnews\local\src\nsMailboxProtocol.cpp
		..\..\mailnews\local\src\nsMailboxProtocol.h = ..\..\mailnews\local\src\nsMailboxProtocol.h
		..\..\mailnews\local\src\nsMailboxServer.cpp = ..\..\mailnews\local\src\nsMailboxServer.cpp
		..\..\mailnews\local\src\nsMailboxServer.h = ..\..\mailnews\local\src\nsMailboxServer.h
		..\..\mailnews\local\src\nsMailboxService.cpp = ..\..\mailnews\local\src\nsMailboxService.cpp
		..\..\mailnews\local\src\nsMailboxService.h = ..\..\mailnews\local\src\nsMailboxService.h
		..\..\mailnews\local\src\nsMailboxUrl.cpp = ..\..\mailnews\local\src\nsMailboxUrl.cpp
		..\..\mailnews\local\src\nsMailboxUrl.h = ..\..\mailnews\local\src\nsMailboxUrl.h
		..\..\mailnews\local\src\nsMovemailIncomingServer.cpp = ..\..\mailnews\local\src\nsMovemailIncomingServer.cpp
		..\..\mailnews\local\src\nsMovemailIncomingServer.h = ..\..\mailnews\local\src\nsMovemailIncomingServer.h
		..\..\mailnews\local\src\nsMovemailService.cpp = ..\..\mailnews\local\src\nsMovemailService.cpp
		..\..\mailnews\local\src\nsMovemailService.h = ..\..\mailnews\local\src\nsMovemailService.h
		..\..\mailnews\local\src\nsMsgBrkMBoxStore.cpp = ..\..\mailnews\local\src\nsMsgBrkMBoxStore.cpp
		..\..\mailnews\local\src\nsMsgBrkMBoxStore.h = ..\..\mailnews\local\src\nsMsgBrkMBoxStore.h
		..\..\mailnews\local\src\nsMsgLocalStoreUtils.cpp = ..\..\mailnews\local\src\nsMsgLocalStoreUtils.cpp
		..\..\mailnews\local\src\nsMsgLocalStoreUtils.h = ..\..\mailnews\local\src\nsMsgLocalStoreUtils.h
		..\..\mailnews\local\src\nsMsgMaildirStore.cpp = ..\..\mailnews\local\src\nsMsgMaildirStore.cpp
		..\..\mailnews\local\src\nsMsgMaildirStore.h = ..\..\mailnews\local\src\nsMsgMaildirStore.h
		..\..\mailnews\local\src\nsNoIncomingServer.cpp = ..\..\mailnews\local\src\nsNoIncomingServer.cpp
		..\..\mailnews\local\src\nsNoIncomingServer.h = ..\..\mailnews\local\src\nsNoIncomingServer.h
		..\..\mailnews\local\src\nsNoneService.cpp = ..\..\mailnews\local\src\nsNoneService.cpp
		..\..\mailnews\local\src\nsNoneService.h = ..\..\mailnews\local\src\nsNoneService.h
		..\..\mailnews\local\src\nsParseMailbox.cpp = ..\..\mailnews\local\src\nsParseMailbox.cpp
		..\..\mailnews\local\src\nsParseMailbox.h = ..\..\mailnews\local\src\nsParseMailbox.h
		..\..\mailnews\local\src\nsPop3IncomingServer.cpp = ..\..\mailnews\local\src\nsPop3IncomingServer.cpp
		..\..\mailnews\local\src\nsPop3IncomingServer.h = ..\..\mailnews\local\src\nsPop3IncomingServer.h
		..\..\mailnews\local\src\nsPop3Protocol.cpp = ..\..\mailnews\local\src\nsPop3Protocol.cpp
		..\..\mailnews\local\src\nsPop3Protocol.h = ..\..\mailnews\local\src\nsPop3Protocol.h
		..\..\mailnews\local\src\nsPop3Service.cpp = ..\..\mailnews\local\src\nsPop3Service.cpp
		..\..\mailnews\local\src\nsPop3Service.h = ..\..\mailnews\local\src\nsPop3Service.h
		..\..\mailnews\local\src\nsPop3Sink.cpp = ..\..\mailnews\local\src\nsPop3Sink.cpp
		..\..\mailnews\local\src\nsPop3Sink.h = ..\..\mailnews\local\src\nsPop3Sink.h
		..\..\mailnews\local\src\nsPop3URL.cpp = ..\..\mailnews\local\src\nsPop3URL.cpp
		..\..\mailnews\local\src\nsPop3URL.h = ..\..\mailnews\local\src\nsPop3URL.h
		..\..\mailnews\local\src\nsRssIncomingServer.cpp = ..\..\mailnews\local\src\nsRssIncomingServer.cpp
		..\..\mailnews\local\src\nsRssIncomingServer.h = ..\..\mailnews\local\src\nsRssIncomingServer.h
		..\..\mailnews\local\src\nsRssService.cpp = ..\..\mailnews\local\src\nsRssService.cpp
		..\..\mailnews\local\src\nsRssService.h = ..\..\mailnews\local\src\nsRssService.h
	EndProjectSection
EndProject
Global
	GlobalSection(SolutionConfigurationPlatforms) = preSolution
		Debug|x86 = Debug|x86
	EndGlobalSection
	GlobalSection(ProjectConfigurationPlatforms) = postSolution
		{73FA672B-2DC6-452D-B81C-EE294257D88B}.Debug|x86.ActiveCfg = Debug|x86
	EndGlobalSection
	GlobalSection(SolutionProperties) = preSolution
		HideSolutionNode = FALSE
	EndGlobalSection
	GlobalSection(NestedProjects) = preSolution
		{2A7BE594-F591-4672-B664-E97DF3D64F05} = {DBD076CC-D9CA-4B3B-8CDD-CD1ABCFCA118}
		{B3AB45C6-898C-4DBB-97A6-B12C042DC08D} = {DBD076CC-D9CA-4B3B-8CDD-CD1ABCFCA118}
		{A5BCF6F6-323E-4DAD-9D68-938BC7D44DF9} = {DBD076CC-D9CA-4B3B-8CDD-CD1ABCFCA118}
		{A926617E-762A-4B8D-94B2-7382DF5CE25B} = {2A7BE594-F591-4672-B664-E97DF3D64F05}
		{7B04FECD-F1A2-4009-AC20-1F05863B4A3F} = {A926617E-762A-4B8D-94B2-7382DF5CE25B}
		{2A587BC8-1843-471E-B03B-2D193CC2A47E} = {B3AB45C6-898C-4DBB-97A6-B12C042DC08D}
		{689CD3A9-8157-4D0F-A3FA-A66282853601} = {2A587BC8-1843-471E-B03B-2D193CC2A47E}
		{E48CFA03-047A-4124-877C-C15F29AD9880} = {A5BCF6F6-323E-4DAD-9D68-938BC7D44DF9}
		{E9FED215-5A02-40C2-94A0-E8729613F1B0} = {E48CFA03-047A-4124-877C-C15F29AD9880}
		{50EFCC3B-AD28-45DF-8E02-4B629E28A923} = {9C57B2F7-CD0F-4F0D-B419-CDEC93C39144}
		{607D94C2-C32C-445A-BE67-E549E774D837} = {9C57B2F7-CD0F-4F0D-B419-CDEC93C39144}
		{C225CB09-7583-4633-B9EB-316E3CF9A30B} = {9C57B2F7-CD0F-4F0D-B419-CDEC93C39144}
		{168082D2-357A-401F-9A93-2D0E88119F05} = {50EFCC3B-AD28-45DF-8E02-4B629E28A923}
		{1DBD8E0D-3471-4B4E-97EF-0E1F06CC025F} = {607D94C2-C32C-445A-BE67-E549E774D837}
		{ACC76543-7265-4C25-976F-A82D0088D8CF} = {C225CB09-7583-4633-B9EB-316E3CF9A30B}
	EndGlobalSection
EndGlobal
